
Microsoft Visual Studio Solution File, Format Version 12.00
# Visual Studio 2012
Project("{FAE04EC0-301F-11D3-BF4B-00C04F79EFBC}") = "StormGolf", "StormGolf\StormGolf.csproj", "{5B3A3380-FC84-4E00-81CB-5A4C5350C21C}"
EndProject
Project("{FAE04EC0-301F-11D3-BF4B-00C04F79EFBC}") = "StormGolf.Tests", "StormGolf.Tests\StormGolf.Tests.csproj", "{EE343145-4401-4CE0-AD93-E571595D4956}"
EndProject
Global
	GlobalSection(SolutionConfigurationPlatforms) = preSolution
		Debug|Any CPU = Debug|Any CPU
		Release|Any CPU = Release|Any CPU
	EndGlobalSection
	GlobalSection(ProjectConfigurationPlatforms) = postSolution
		{5B3A3380-FC84-4E00-81CB-5A4C5350C21C}.Debug|Any CPU.ActiveCfg = Debug|Any CPU
		{5B3A3380-FC84-4E00-81CB-5A4C5350C21C}.Debug|Any CPU.Build.0 = Debug|Any CPU
		{5B3A3380-FC84-4E00-81CB-5A4C5350C21C}.Release|Any CPU.ActiveCfg = Release|Any CPU
		{5B3A3380-FC84-4E00-81CB-5A4C5350C21C}.Release|Any CPU.Build.0 = Release|Any CPU
		{EE343145-4401-4CE0-AD93-E571595D4956}.Debug|Any CPU.ActiveCfg = Debug|Any CPU
		{EE343145-4401-4CE0-AD93-E571595D4956}.Debug|Any CPU.Build.0 = Debug|Any CPU
		{EE343145-4401-4CE0-AD93-E571595D4956}.Release|Any CPU.ActiveCfg = Release|Any CPU
		{EE343145-4401-4CE0-AD93-E571595D4956}.Release|Any CPU.Build.0 = Release|Any CPU
	EndGlobalSection
EndGlobal
